{
  "pins" : [
    {
      "identity" : "lottie-ios",
      "kind" : "remoteSourceControl",
      "location" : "https://github.com/airbnb/lottie-ios.git",
      "state" : {
        "revision" : "f262407bfd6bb574ccfdb8a11367cac72804a58a",
        "version" : "4.1.1"
      }
    }
  ],
  "version" : 2
}
